PODS:
  - Masonry (1.1.0)
  - ReactiveCocoa (2.3):
    - ReactiveCocoa/UI (= 2.3)
  - ReactiveCocoa/Core (2.3):
    - ReactiveCocoa/no-arc
  - ReactiveCocoa/no-arc (2.3)
  - ReactiveCocoa/UI (2.3):
    - ReactiveCocoa/Core

DEPENDENCIES:
  - Masonry
  - ReactiveCocoa (= 2.3)

SPEC CHECKSUMS:
  Masonry: 678fab65091a9290e40e2832a55e7ab731aad201
  ReactiveCocoa: 81ee2fb7df2dfc6bd52b5d70473662195e20ca7d

PODFILE CHECKSUM: 7cec1a89a804a563dfb6a5fab70be634e6469adf

COCOAPODS: 1.4.0
